
Microsoft Visual Studio Solution File, Format Version 12.00
# Visual Studio Version 16
VisualStudioVersion = 16.0.29519.87
MinimumVisualStudioVersion = 10.0.40219.1
Project("{FAE04EC0-301F-11D3-BF4B-00C04F79EFBC}") = "MedTechClient.Android", "MedTechClient\MedTechClient.Android\MedTechClient.Android.csproj", "{B501CB95-4FC1-4C4A-B65C-23AFF18561A7}"
EndProject
Project("{FAE04EC0-301F-11D3-BF4B-00C04F79EFBC}") = "MedTechClient.iOS", "MedTechClient\MedTechClient.iOS\MedTechClient.iOS.csproj", "{1FB55BE1-9970-4C65-9A4B-0CF498758820}"
EndProject
Project("{9A19103F-16F7-4668-BE54-9A1E7A4F7556}") = "MedTechClient", "MedTechClient\MedTechClient\MedTechClient.csproj", "{0E7A8566-69BB-4F9F-B390-CA75210A4786}"
EndProject
Project("{FAE04EC0-301F-11D3-BF4B-00C04F79EFBC}") = "MedTechClient.UWP", "MedTechClient.UWP\MedTechClient.UWP.csproj", "{3C092952-F324-4D62-BCCD-558CC5E66934}"
EndProject
Global
	GlobalSection(SolutionConfigurationPlatforms) = preSolution
		Debug|Any CPU = Debug|Any CPU
		Debug|ARM = Debug|ARM
		Debug|ARM64 = Debug|ARM64
		Debug|iPhone = Debug|iPhone
		Debug|iPhoneSimulator = Debug|iPhoneSimulator
		Debug|x64 = Debug|x64
		Debug|x86 = Debug|x86
		Release|Any CPU = Release|Any CPU
		Release|ARM = Release|ARM
		Release|ARM64 = Release|ARM64
		Release|iPhone = Release|iPhone
		Release|iPhoneSimulator = Release|iPhoneSimulator
		Release|x64 = Release|x64
		Release|x86 = Release|x86
	EndGlobalSection
	GlobalSection(ProjectConfigurationPlatforms) = postSolution
		{B501CB95-4FC1-4C4A-B65C-23AFF18561A7}.Debug|Any CPU.ActiveCfg = Debug|Any CPU
		{B501CB95-4FC1-4C4A-B65C-23AFF18561A7}.Debug|Any CPU.Build.0 = Debug|Any CPU
		{B501CB95-4FC1-4C4A-B65C-23AFF18561A7}.Debug|Any CPU.Deploy.0 = Debug|Any CPU
		{B501CB95-4FC1-4C4A-B65C-23AFF18561A7}.Debug|ARM.ActiveCfg = Debug|Any CPU
		{B501CB95-4FC1-4C4A-B65C-23AFF18561A7}.Debug|ARM.Build.0 = Debug|Any CPU
		{B501CB95-4FC1-4C4A-B65C-23AFF18561A7}.Debug|ARM.Deploy.0 = Debug|Any CPU
		{B501CB95-4FC1-4C4A-B65C-23AFF18561A7}.Debug|ARM64.ActiveCfg = Debug|Any CPU
		{B501CB95-4FC1-4C4A-B65C-23AFF18561A7}.Debug|ARM64.Build.0 = Debug|Any CPU
		{B501CB95-4FC1-4C4A-B65C-23AFF18561A7}.Debug|ARM64.Deploy.0 = Debug|Any CPU
		{B501CB95-4FC1-4C4A-B65C-23AFF18561A7}.Debug|iPhone.ActiveCfg = Debug|Any CPU
		{B501CB95-4FC1-4C4A-B65C-23AFF18561A7}.Debug|iPhone.Build.0 = Debug|Any CPU
		{B501CB95-4FC1-4C4A-B65C-23AFF18561A7}.Debug|iPhone.Deploy.0 = Debug|Any CPU
		{B501CB95-4FC1-4C4A-B65C-23AFF18561A7}.Debug|iPhoneSimulator.ActiveCfg = Debug|Any CPU
		{B501CB95-4FC1-4C4A-B65C-23AFF18561A7}.Debug|iPhoneSimulator.Build.0 = Debug|Any CPU
		{B501CB95-4FC1-4C4A-B65C-23AFF18561A7}.Debug|iPhoneSimulator.Deploy.0 = Debug|Any CPU
		{B501CB95-4FC1-4C4A-B65C-23AFF18561A7}.Debug|x64.ActiveCfg = Debug|Any CPU
		{B501CB95-4FC1-4C4A-B65C-23AFF18561A7}.Debug|x64.Build.0 = Debug|Any CPU
		{B501CB95-4FC1-4C4A-B65C-23AFF18561A7}.Debug|x64.Deploy.0 = Debug|Any CPU
		{B501CB95-4FC1-4C4A-B65C-23AFF18561A7}.Debug|x86.ActiveCfg = Debug|Any CPU
		{B501CB95-4FC1-4C4A-B65C-23AFF18561A7}.Debug|x86.Build.0 = Debug|Any CPU
		{B501CB95-4FC1-4C4A-B65C-23AFF18561A7}.Debug|x86.Deploy.0 = Debug|Any CPU
		{B501CB95-4FC1-4C4A-B65C-23AFF18561A7}.Release|Any CPU.ActiveCfg = Release|Any CPU
		{B501CB95-4FC1-4C4A-B65C-23AFF18561A7}.Release|Any CPU.Build.0 = Release|Any CPU
		{B501CB95-4FC1-4C4A-B65C-23AFF18561A7}.Release|Any CPU.Deploy.0 = Release|Any CPU
		{B501CB95-4FC1-4C4A-B65C-23AFF18561A7}.Release|ARM.ActiveCfg = Release|Any CPU
		{B501CB95-4FC1-4C4A-B65C-23AFF18561A7}.Release|ARM.Build.0 = Release|Any CPU
		{B501CB95-4FC1-4C4A-B65C-23AFF18561A7}.Release|ARM.Deploy.0 = Release|Any CPU
		{B501CB95-4FC1-4C4A-B65C-23AFF18561A7}.Release|ARM64.ActiveCfg = Release|Any CPU
		{B501CB95-4FC1-4C4A-B65C-23AFF18561A7}.Release|ARM64.Build.0 = Release|Any CPU
		{B501CB95-4FC1-4C4A-B65C-23AFF18561A7}.Release|ARM64.Deploy.0 = Release|Any CPU
		{B501CB95-4FC1-4C4A-B65C-23AFF18561A7}.Release|iPhone.ActiveCfg = Release|Any CPU
		{B501CB95-4FC1-4C4A-B65C-23AFF18561A7}.Release|iPhone.Build.0 = Release|Any CPU
		{B501CB95-4FC1-4C4A-B65C-23AFF18561A7}.Release|iPhone.Deploy.0 = Release|Any CPU
		{B501CB95-4FC1-4C4A-B65C-23AFF18561A7}.Release|iPhoneSimulator.ActiveCfg = Release|Any CPU
		{B501CB95-4FC1-4C4A-B65C-23AFF18561A7}.Release|iPhoneSimulator.Build.0 = Release|Any CPU
		{B501CB95-4FC1-4C4A-B65C-23AFF18561A7}.Release|iPhoneSimulator.Deploy.0 = Release|Any CPU
		{B501CB95-4FC1-4C4A-B65C-23AFF18561A7}.Release|x64.ActiveCfg = Release|Any CPU
		{B501CB95-4FC1-4C4A-B65C-23AFF18561A7}.Release|x64.Build.0 = Release|Any CPU
		{B501CB95-4FC1-4C4A-B65C-23AFF18561A7}.Release|x64.Deploy.0 = Release|Any CPU
		{B501CB95-4FC1-4C4A-B65C-23AFF18561A7}.Release|x86.ActiveCfg = Release|Any CPU
		{B501CB95-4FC1-4C4A-B65C-23AFF18561A7}.Release|x86.Build.0 = Release|Any CPU
		{B501CB95-4FC1-4C4A-B65C-23AFF18561A7}.Release|x86.Deploy.0 = Release|Any CPU
		{1FB55BE1-9970-4C65-9A4B-0CF498758820}.Debug|Any CPU.ActiveCfg = Debug|iPhoneSimulator
		{1FB55BE1-9970-4C65-9A4B-0CF498758820}.Debug|Any CPU.Build.0 = Debug|iPhoneSimulator
		{1FB55BE1-9970-4C65-9A4B-0CF498758820}.Debug|Any CPU.Deploy.0 = Debug|iPhoneSimulator
		{1FB55BE1-9970-4C65-9A4B-0CF498758820}.Debug|ARM.ActiveCfg = Debug|iPhone
		{1FB55BE1-9970-4C65-9A4B-0CF498758820}.Debug|ARM64.ActiveCfg = Debug|iPhone
		{1FB55BE1-9970-4C65-9A4B-0CF498758820}.Debug|iPhone.ActiveCfg = Debug|iPhone
		{1FB55BE1-9970-4C65-9A4B-0CF498758820}.Debug|iPhone.Build.0 = Debug|iPhone
		{1FB55BE1-9970-4C65-9A4B-0CF498758820}.Debug|iPhone.Deploy.0 = Debug|iPhone
		{1FB55BE1-9970-4C65-9A4B-0CF498758820}.Debug|iPhoneSimulator.ActiveCfg = Debug|iPhoneSimulator
		{1FB55BE1-9970-4C65-9A4B-0CF498758820}.Debug|iPhoneSimulator.Build.0 = Debug|iPhoneSimulator
		{1FB55BE1-9970-4C65-9A4B-0CF498758820}.Debug|iPhoneSimulator.Deploy.0 = Debug|iPhoneSimulator
		{1FB55BE1-9970-4C65-9A4B-0CF498758820}.Debug|x64.ActiveCfg = Debug|iPhone
		{1FB55BE1-9970-4C65-9A4B-0CF498758820}.Debug|x86.ActiveCfg = Debug|iPhone
		{1FB55BE1-9970-4C65-9A4B-0CF498758820}.Release|Any CPU.ActiveCfg = Release|iPhone
		{1FB55BE1-9970-4C65-9A4B-0CF498758820}.Release|Any CPU.Build.0 = Release|iPhone
		{1FB55BE1-9970-4C65-9A4B-0CF498758820}.Release|Any CPU.Deploy.0 = Release|iPhone
		{1FB55BE1-9970-4C65-9A4B-0CF498758820}.Release|ARM.ActiveCfg = Release|iPhoneSimulator
		{1FB55BE1-9970-4C65-9A4B-0CF498758820}.Release|ARM64.ActiveCfg = Release|iPhoneSimulator
		{1FB55BE1-9970-4C65-9A4B-0CF498758820}.Release|iPhone.ActiveCfg = Release|iPhone
		{1FB55BE1-9970-4C65-9A4B-0CF498758820}.Release|iPhone.Build.0 = Release|iPhone
		{1FB55BE1-9970-4C65-9A4B-0CF498758820}.Release|iPhone.Deploy.0 = Release|iPhone
		{1FB55BE1-9970-4C65-9A4B-0CF498758820}.Release|iPhoneSimulator.ActiveCfg = Release|iPhoneSimulator
		{1FB55BE1-9970-4C65-9A4B-0CF498758820}.Release|iPhoneSimulator.Build.0 = Release|iPhoneSimulator
		{1FB55BE1-9970-4C65-9A4B-0CF498758820}.Release|iPhoneSimulator.Deploy.0 = Release|iPhoneSimulator
		{1FB55BE1-9970-4C65-9A4B-0CF498758820}.Release|x64.ActiveCfg = Release|iPhoneSimulator
		{1FB55BE1-9970-4C65-9A4B-0CF498758820}.Release|x86.ActiveCfg = Release|iPhoneSimulator
		{0E7A8566-69BB-4F9F-B390-CA75210A4786}.Debug|Any CPU.ActiveCfg = Debug|Any CPU
		{0E7A8566-69BB-4F9F-B390-CA75210A4786}.Debug|Any CPU.Build.0 = Debug|Any CPU
		{0E7A8566-69BB-4F9F-B390-CA75210A4786}.Debug|Any CPU.Deploy.0 = Debug|Any CPU
		{0E7A8566-69BB-4F9F-B390-CA75210A4786}.Debug|ARM.ActiveCfg = Debug|Any CPU
		{0E7A8566-69BB-4F9F-B390-CA75210A4786}.Debug|ARM.Build.0 = Debug|Any CPU
		{0E7A8566-69BB-4F9F-B390-CA75210A4786}.Debug|ARM64.ActiveCfg = Debug|Any CPU
		{0E7A8566-69BB-4F9F-B390-CA75210A4786}.Debug|ARM64.Build.0 = Debug|Any CPU
		{0E7A8566-69BB-4F9F-B390-CA75210A4786}.Debug|iPhone.ActiveCfg = Debug|Any CPU
		{0E7A8566-69BB-4F9F-B390-CA75210A4786}.Debug|iPhone.Build.0 = Debug|Any CPU
		{0E7A8566-69BB-4F9F-B390-CA75210A4786}.Debug|iPhone.Deploy.0 = Debug|Any CPU
		{0E7A8566-69BB-4F9F-B390-CA75210A4786}.Debug|iPhoneSimulator.ActiveCfg = Debug|Any CPU
		{0E7A8566-69BB-4F9F-B390-CA75210A4786}.Debug|iPhoneSimulator.Build.0 = Debug|Any CPU
		{0E7A8566-69BB-4F9F-B390-CA75210A4786}.Debug|iPhoneSimulator.Deploy.0 = Debug|Any CPU
		{0E7A8566-69BB-4F9F-B390-CA75210A4786}.Debug|x64.ActiveCfg = Debug|Any CPU
		{0E7A8566-69BB-4F9F-B390-CA75210A4786}.Debug|x64.Build.0 = Debug|Any CPU
		{0E7A8566-69BB-4F9F-B390-CA75210A4786}.Debug|x86.ActiveCfg = Debug|Any CPU
		{0E7A8566-69BB-4F9F-B390-CA75210A4786}.Debug|x86.Build.0 = Debug|Any CPU
		{0E7A8566-69BB-4F9F-B390-CA75210A4786}.Release|Any CPU.ActiveCfg = Release|Any CPU
		{0E7A8566-69BB-4F9F-B390-CA75210A4786}.Release|Any CPU.Build.0 = Release|Any CPU
		{0E7A8566-69BB-4F9F-B390-CA75210A4786}.Release|Any CPU.Deploy.0 = Release|Any CPU
		{0E7A8566-69BB-4F9F-B390-CA75210A4786}.Release|ARM.ActiveCfg = Release|Any CPU
		{0E7A8566-69BB-4F9F-B390-CA75210A4786}.Release|ARM.Build.0 = Release|Any CPU
		{0E7A8566-69BB-4F9F-B390-CA75210A4786}.Release|ARM64.ActiveCfg = Release|Any CPU
		{0E7A8566-69BB-4F9F-B390-CA75210A4786}.Release|ARM64.Build.0 = Release|Any CPU
		{0E7A8566-69BB-4F9F-B390-CA75210A4786}.Release|iPhone.ActiveCfg = Release|Any CPU
		{0E7A8566-69BB-4F9F-B390-CA75210A4786}.Release|iPhone.Build.0 = Release|Any CPU
		{0E7A8566-69BB-4F9F-B390-CA75210A4786}.Release|iPhone.Deploy.0 = Release|Any CPU
		{0E7A8566-69BB-4F9F-B390-CA75210A4786}.Release|iPhoneSimulator.ActiveCfg = Release|Any CPU
		{0E7A8566-69BB-4F9F-B390-CA75210A4786}.Release|iPhoneSimulator.Build.0 = Release|Any CPU
		{0E7A8566-69BB-4F9F-B390-CA75210A4786}.Release|iPhoneSimulator.Deploy.0 = Release|Any CPU
		{0E7A8566-69BB-4F9F-B390-CA75210A4786}.Release|x64.ActiveCfg = Release|Any CPU
		{0E7A8566-69BB-4F9F-B390-CA75210A4786}.Release|x64.Build.0 = Release|Any CPU
		{0E7A8566-69BB-4F9F-B390-CA75210A4786}.Release|x86.ActiveCfg = Release|Any CPU
		{0E7A8566-69BB-4F9F-B390-CA75210A4786}.Release|x86.Build.0 = Release|Any CPU
		{3C092952-F324-4D62-BCCD-558CC5E66934}.Debug|Any CPU.ActiveCfg = Debug|x86
		{3C092952-F324-4D62-BCCD-558CC5E66934}.Debug|ARM.ActiveCfg = Debug|ARM
		{3C092952-F324-4D62-BCCD-558CC5E66934}.Debug|ARM.Build.0 = Debug|ARM
		{3C092952-F324-4D62-BCCD-558CC5E66934}.Debug|ARM.Deploy.0 = Debug|ARM
		{3C092952-F324-4D62-BCCD-558CC5E66934}.Debug|ARM64.ActiveCfg = Debug|ARM64
		{3C092952-F324-4D62-BCCD-558CC5E66934}.Debug|ARM64.Build.0 = Debug|ARM64
		{3C092952-F324-4D62-BCCD-558CC5E66934}.Debug|ARM64.Deploy.0 = Debug|ARM64
		{3C092952-F324-4D62-BCCD-558CC5E66934}.Debug|iPhone.ActiveCfg = Debug|x86
		{3C092952-F324-4D62-BCCD-558CC5E66934}.Debug|iPhoneSimulator.ActiveCfg = Debug|x86
		{3C092952-F324-4D62-BCCD-558CC5E66934}.Debug|x64.ActiveCfg = Debug|x64
		{3C092952-F324-4D62-BCCD-558CC5E66934}.Debug|x64.Build.0 = Debug|x64
		{3C092952-F324-4D62-BCCD-558CC5E66934}.Debug|x64.Deploy.0 = Debug|x64
		{3C092952-F324-4D62-BCCD-558CC5E66934}.Debug|x86.ActiveCfg = Debug|x86
		{3C092952-F324-4D62-BCCD-558CC5E66934}.Debug|x86.Build.0 = Debug|x86
		{3C092952-F324-4D62-BCCD-558CC5E66934}.Debug|x86.Deploy.0 = Debug|x86
		{3C092952-F324-4D62-BCCD-558CC5E66934}.Release|Any CPU.ActiveCfg = Release|x86
		{3C092952-F324-4D62-BCCD-558CC5E66934}.Release|ARM.ActiveCfg = Release|ARM
		{3C092952-F324-4D62-BCCD-558CC5E66934}.Release|ARM.Build.0 = Release|ARM
		{3C092952-F324-4D62-BCCD-558CC5E66934}.Release|ARM.Deploy.0 = Release|ARM
		{3C092952-F324-4D62-BCCD-558CC5E66934}.Release|ARM64.ActiveCfg = Release|ARM64
		{3C092952-F324-4D62-BCCD-558CC5E66934}.Release|ARM64.Build.0 = Release|ARM64
		{3C092952-F324-4D62-BCCD-558CC5E66934}.Release|ARM64.Deploy.0 = Release|ARM64
		{3C092952-F324-4D62-BCCD-558CC5E66934}.Release|iPhone.ActiveCfg = Release|x86
		{3C092952-F324-4D62-BCCD-558CC5E66934}.Release|iPhoneSimulator.ActiveCfg = Release|x86
		{3C092952-F324-4D62-BCCD-558CC5E66934}.Release|x64.ActiveCfg = Release|x64
		{3C092952-F324-4D62-BCCD-558CC5E66934}.Release|x64.Build.0 = Release|x64
		{3C092952-F324-4D62-BCCD-558CC5E66934}.Release|x64.Deploy.0 = Release|x64
		{3C092952-F324-4D62-BCCD-558CC5E66934}.Release|x86.ActiveCfg = Release|x86
		{3C092952-F324-4D62-BCCD-558CC5E66934}.Release|x86.Build.0 = Release|x86
		{3C092952-F324-4D62-BCCD-558CC5E66934}.Release|x86.Deploy.0 = Release|x86
	EndGlobalSection
	GlobalSection(SolutionProperties) = preSolution
		HideSolutionNode = FALSE
	EndGlobalSection
	GlobalSection(ExtensibilityGlobals) = postSolution
		SolutionGuid = {4DA44833-80C6-4715-B137-F06FCC612371}
	EndGlobalSection
EndGlobal
